
Microsoft Visual Studio Solution File, Format Version 12.00
# Visual Studio Version 17
VisualStudioVersion = 17.14.36705.20 d17.14
MinimumVisualStudioVersion = 10.0.40219.1
Project("{FAE04EC0-301F-11D3-BF4B-00C04F79EFBC}") = "ADO.Disconnected", "ADO.Disconnected\ADO.Disconnected.csproj", "{B2309584-C751-4CB7-AC61-98768F70F040}"
EndProject
Global
	GlobalSection(SolutionConfigurationPlatforms) = preSolution
		Debug|Any CPU = Debug|Any CPU
		Release|Any CPU = Release|Any CPU
	EndGlobalSection
	GlobalSection(ProjectConfigurationPlatforms) = postSolution
		{B2309584-C751-4CB7-AC61-98768F70F040}.Debug|Any CPU.ActiveCfg = Debug|Any CPU
		{B2309584-C751-4CB7-AC61-98768F70F040}.Debug|Any CPU.Build.0 = Debug|Any CPU
		{B2309584-C751-4CB7-AC61-98768F70F040}.Release|Any CPU.ActiveCfg = Release|Any CPU
		{B2309584-C751-4CB7-AC61-98768F70F040}.Release|Any CPU.Build.0 = Release|Any CPU
	EndGlobalSection
	GlobalSection(SolutionProperties) = preSolution
		HideSolutionNode = FALSE
	EndGlobalSection
	GlobalSection(ExtensibilityGlobals) = postSolution
		SolutionGuid = {C3AC8AB7-FCE1-4E1D-BF3B-0E476456630D}
	EndGlobalSection
EndGlobal
